// !$*UTF8*$!
{
	archiveVersion = 1;
	classes = {
	};
	objectVersion = 56;
	objects = {

/* Begin PBXBuildFile section */
		642BD28D2B6F781800BC2541 /* ParkingCore.docc in Sources */ = {isa = PBXBuildFile; fileRef = 642BD28C2B6F781800BC2541 /* ParkingCore.docc */; };
		642BD2932B6F781800BC2541 /* ParkingCore.framework in Frameworks */ = {isa = PBXBuildFile; fileRef = 642BD2882B6F781800BC2541 /* ParkingCore.framework */; };
		642BD2982B6F781800BC2541 /* ParkingCoreTests.swift in Sources */ = {isa = PBXBuildFile; fileRef = 642BD2972B6F781800BC2541 /* ParkingCoreTests.swift */; };
		642BD2992B6F781800BC2541 /* ParkingCore.h in Headers */ = {isa = PBXBuildFile; fileRef = 642BD28B2B6F781800BC2541 /* ParkingCore.h */; settings = {ATTRIBUTES = (Public, ); }; };
		642BD2B62B6FB07E00BC2541 /* ParkingLotServiceProtocol.swift in Sources */ = {isa = PBXBuildFile; fileRef = 642BD2B52B6FB07E00BC2541 /* ParkingLotServiceProtocol.swift */; };
		642BD2B82B6FB0B100BC2541 /* VehicleType.swift in Sources */ = {isa = PBXBuildFile; fileRef = 642BD2B72B6FB0B100BC2541 /* VehicleType.swift */; };
		642BD2BA2B6FB1E600BC2541 /* ParkingLotService.swift in Sources */ = {isa = PBXBuildFile; fileRef = 642BD2B92B6FB1E600BC2541 /* ParkingLotService.swift */; };
		642BD2C12B7047F500BC2541 /* ParkingLot.swift in Sources */ = {isa = PBXBuildFile; fileRef = 642BD2C02B7047F500BC2541 /* ParkingLot.swift */; };
		642BD2C32B70481B00BC2541 /* Floors.swift in Sources */ = {isa = PBXBuildFile; fileRef = 642BD2C22B70481B00BC2541 /* Floors.swift */; };
		642BD2CA2B712DFF00BC2541 /* ParkingLotServiceTest.swift in Sources */ = {isa = PBXBuildFile; fileRef = 642BD2C92B712DFF00BC2541 /* ParkingLotServiceTest.swift */; };
/* End PBXBuildFile section */

/* Begin PBXContainerItemProxy section */
		642BD2942B6F781800BC2541 /* PBXContainerItemProxy */ = {
			isa = PBXContainerItemProxy;
			containerPortal = 642BD27F2B6F781800BC2541 /* Project object */;
			proxyType = 1;
			remoteGlobalIDString = 642BD2872B6F781800BC2541;
			remoteInfo = ParkingCore;
		};
/* End PBXContainerItemProxy section */

/* Begin PBXFileReference section */
		642BD2882B6F781800BC2541 /* ParkingCore.framework */ = {isa = PBXFileReference; explicitFileType = wrapper.framework; includeInIndex = 0; path = ParkingCore.framework; sourceTree = BUILT_PRODUCTS_DIR; };
		642BD28B2B6F781800BC2541 /* ParkingCore.h */ = {isa = PBXFileReference; lastKnownFileType = sourcecode.c.h; path = ParkingCore.h; sourceTree = "<group>"; };
		642BD28C2B6F781800BC2541 /* ParkingCore.docc */ = {isa = PBXFileReference; lastKnownFileType = folder.documentationcatalog; path = ParkingCore.docc; sourceTree = "<group>"; };
		642BD2922B6F781800BC2541 /* ParkingCoreTests.xctest */ = {isa = PBXFileReference; explicitFileType = wrapper.cfbundle; includeInIndex = 0; path = ParkingCoreTests.xctest; sourceTree = BUILT_PRODUCTS_DIR; };
		642BD2972B6F781800BC2541 /* ParkingCoreTests.swift */ = {isa = PBXFileReference; lastKnownFileType = sourcecode.swift; path = ParkingCoreTests.swift; sourceTree = "<group>"; };
		642BD2B52B6FB07E00BC2541 /* ParkingLotServiceProtocol.swift */ = {isa = PBXFileReference; lastKnownFileType = sourcecode.swift; path = ParkingLotServiceProtocol.swift; sourceTree = "<group>"; };
		642BD2B72B6FB0B100BC2541 /* VehicleType.swift */ = {isa = PBXFileReference; lastKnownFileType = sourcecode.swift; path = VehicleType.swift; sourceTree = "<group>"; };
		642BD2B92B6FB1E600BC2541 /* ParkingLotService.swift */ = {isa = PBXFileReference; lastKnownFileType = sourcecode.swift; path = ParkingLotService.swift; sourceTree = "<group>"; };
		642BD2C02B7047F500BC2541 /* ParkingLot.swift */ = {isa = PBXFileReference; lastKnownFileType = sourcecode.swift; path = ParkingLot.swift; sourceTree = "<group>"; };
		642BD2C22B70481B00BC2541 /* Floors.swift */ = {isa = PBXFileReference; lastKnownFileType = sourcecode.swift; path = Floors.swift; sourceTree = "<group>"; };
		642BD2C92B712DFF00BC2541 /* ParkingLotServiceTest.swift */ = {isa = PBXFileReference; lastKnownFileType = sourcecode.swift; path = ParkingLotServiceTest.swift; sourceTree = "<group>"; };
/* End PBXFileReference section */

/* Begin PBXFrameworksBuildPhase section */
		642BD2852B6F781800BC2541 /* Frameworks */ = {
			isa = PBXFrameworksBuildPhase;
			buildActionMask = 2147483647;
			files = (
			);
			runOnlyForDeploymentPostprocessing = 0;
		};
		642BD28F2B6F781800BC2541 /* Frameworks */ = {
			isa = PBXFrameworksBuildPhase;
			buildActionMask = 2147483647;
			files = (
				642BD2932B6F781800BC2541 /* ParkingCore.framework in Frameworks */,
			);
			runOnlyForDeploymentPostprocessing = 0;
		};
/* End PBXFrameworksBuildPhase section */

/* Begin PBXGroup section */
		642BD27E2B6F781800BC2541 = {
			isa = PBXGroup;
			children = (
				642BD28A2B6F781800BC2541 /* ParkingCore */,
				642BD2962B6F781800BC2541 /* ParkingCoreTests */,
				642BD2892B6F781800BC2541 /* Products */,
			);
			sourceTree = "<group>";
		};
		642BD2892B6F781800BC2541 /* Products */ = {
			isa = PBXGroup;
			children = (
				642BD2882B6F781800BC2541 /* ParkingCore.framework */,
				642BD2922B6F781800BC2541 /* ParkingCoreTests.xctest */,
			);
			name = Products;
			sourceTree = "<group>";
		};
		642BD28A2B6F781800BC2541 /* ParkingCore */ = {
			isa = PBXGroup;
			children = (
				642BD28B2B6F781800BC2541 /* ParkingCore.h */,
				642BD28C2B6F781800BC2541 /* ParkingCore.docc */,
				642BD2B52B6FB07E00BC2541 /* ParkingLotServiceProtocol.swift */,
				642BD2B92B6FB1E600BC2541 /* ParkingLotService.swift */,
				642BD2B72B6FB0B100BC2541 /* VehicleType.swift */,
				642BD2C02B7047F500BC2541 /* ParkingLot.swift */,
				642BD2C22B70481B00BC2541 /* Floors.swift */,
			);
			path = ParkingCore;
			sourceTree = "<group>";
		};
		642BD2962B6F781800BC2541 /* ParkingCoreTests */ = {
			isa = PBXGroup;
			children = (
				642BD2972B6F781800BC2541 /* ParkingCoreTests.swift */,
				642BD2C92B712DFF00BC2541 /* ParkingLotServiceTest.swift */,
			);
			path = ParkingCoreTests;
			sourceTree = "<group>";
		};
/* End PBXGroup section */

/* Begin PBXHeadersBuildPhase section */
		642BD2832B6F781800BC2541 /* Headers */ = {
			isa = PBXHeadersBuildPhase;
			buildActionMask = 2147483647;
			files = (
				642BD2992B6F781800BC2541 /* ParkingCore.h in Headers */,
			);
			runOnlyForDeploymentPostprocessing = 0;
		};
/* End PBXHeadersBuildPhase section */

/* Begin PBXNativeTarget section */
		642BD2872B6F781800BC2541 /* ParkingCore */ = {
			isa = PBXNativeTarget;
			buildConfigurationList = 642BD29C2B6F781800BC2541 /* Build configuration list for PBXNativeTarget "ParkingCore" */;
			buildPhases = (
				642BD2832B6F781800BC2541 /* Headers */,
				642BD2842B6F781800BC2541 /* Sources */,
				642BD2852B6F781800BC2541 /* Frameworks */,
				642BD2862B6F781800BC2541 /* Resources */,
			);
			buildRules = (
			);
			dependencies = (
			);
			name = ParkingCore;
			productName = ParkingCore;
			productReference = 642BD2882B6F781800BC2541 /* ParkingCore.framework */;
			productType = "com.apple.product-type.framework";
		};
		642BD2912B6F781800BC2541 /* ParkingCoreTests */ = {
			isa = PBXNativeTarget;
			buildConfigurationList = 642BD29F2B6F781800BC2541 /* Build configuration list for PBXNativeTarget "ParkingCoreTests" */;
			buildPhases = (
				642BD28E2B6F781800BC2541 /* Sources */,
				642BD28F2B6F781800BC2541 /* Frameworks */,
				642BD2902B6F781800BC2541 /* Resources */,
			);
			buildRules = (
			);
			dependencies = (
				642BD2952B6F781800BC2541 /* PBXTargetDependency */,
			);
			name = ParkingCoreTests;
			productName = ParkingCoreTests;
			productReference = 642BD2922B6F781800BC2541 /* ParkingCoreTests.xctest */;
			productType = "com.apple.product-type.bundle.unit-test";
		};
/* End PBXNativeTarget section */

/* Begin PBXProject section */
		642BD27F2B6F781800BC2541 /* Project object */ = {
			isa = PBXProject;
			attributes = {
				BuildIndependentTargetsInParallel = 1;
				LastSwiftUpdateCheck = 1500;
				LastUpgradeCheck = 1500;
				TargetAttributes = {
					642BD2872B6F781800BC2541 = {
						CreatedOnToolsVersion = 15.0;
					};
					642BD2912B6F781800BC2541 = {
						CreatedOnToolsVersion = 15.0;
					};
				};
			};
			buildConfigurationList = 642BD2822B6F781800BC2541 /* Build configuration list for PBXProject "ParkingCore" */;
			compatibilityVersion = "Xcode 14.0";
			developmentRegion = en;
			hasScannedForEncodings = 0;
			knownRegions = (
				en,
				Base,
			);
			mainGroup = 642BD27E2B6F781800BC2541;
			productRefGroup = 642BD2892B6F781800BC2541 /* Products */;
			projectDirPath = "";
			projectRoot = "";
			targets = (
				642BD2872B6F781800BC2541 /* ParkingCore */,
				642BD2912B6F781800BC2541 /* ParkingCoreTests */,
			);
		};
/* End PBXProject section */

/* Begin PBXResourcesBuildPhase section */
		642BD2862B6F781800BC2541 /* Resources */ = {
			isa = PBXResourcesBuildPhase;
			buildActionMask = 2147483647;
			files = (
			);
			runOnlyForDeploymentPostprocessing = 0;
		};
		642BD2902B6F781800BC2541 /* Resources */ = {
			isa = PBXResourcesBuildPhase;
			buildActionMask = 2147483647;
			files = (
			);
			runOnlyForDeploymentPostprocessing = 0;
		};
/* End PBXResourcesBuildPhase section */

/* Begin PBXSourcesBuildPhase section */
		642BD2842B6F781800BC2541 /* Sources */ = {
			isa = PBXSourcesBuildPhase;
			buildActionMask = 2147483647;
			files = (
				642BD28D2B6F781800BC2541 /* ParkingCore.docc in Sources */,
				642BD2B62B6FB07E00BC2541 /* ParkingLotServiceProtocol.swift in Sources */,
				642BD2C12B7047F500BC2541 /* ParkingLot.swift in Sources */,
				642BD2BA2B6FB1E600BC2541 /* ParkingLotService.swift in Sources */,
				642BD2C32B70481B00BC2541 /* Floors.swift in Sources */,
				642BD2B82B6FB0B100BC2541 /* VehicleType.swift in Sources */,
			);
			runOnlyForDeploymentPostprocessing = 0;
		};
		642BD28E2B6F781800BC2541 /* Sources */ = {
			isa = PBXSourcesBuildPhase;
			buildActionMask = 2147483647;
			files = (
				642BD2CA2B712DFF00BC2541 /* ParkingLotServiceTest.swift in Sources */,
				642BD2982B6F781800BC2541 /* ParkingCoreTests.swift in Sources */,
			);
			runOnlyForDeploymentPostprocessing = 0;
		};
/* End PBXSourcesBuildPhase section */

/* Begin PBXTargetDependency section */
		642BD2952B6F781800BC2541 /* PBXTargetDependency */ = {
			isa = PBXTargetDependency;
			target = 642BD2872B6F781800BC2541 /* ParkingCore */;
			targetProxy = 642BD2942B6F781800BC2541 /* PBXContainerItemProxy */;
		};
/* End PBXTargetDependency section */

/* Begin XCBuildConfiguration section */
		642BD29A2B6F781800BC2541 /* Debug */ = {
			isa = XCBuildConfiguration;
			buildSettings = {
				ALWAYS_SEARCH_USER_PATHS = NO;
				ASSETCATALOG_COMPILER_GENERATE_SWIFT_ASSET_SYMBOL_EXTENSIONS = YES;
				CLANG_ANALYZER_NONNULL = YES;
				CLANG_ANALYZER_NUMBER_OBJECT_CONVERSION = YES_AGGRESSIVE;
				CLANG_CXX_LANGUAGE_STANDARD = "gnu++20";
				CLANG_ENABLE_MODULES = YES;
				CLANG_ENABLE_OBJC_ARC = YES;
				CLANG_ENABLE_OBJC_WEAK = YES;
				CLANG_WARN_BLOCK_CAPTURE_AUTORELEASING = YES;
				CLANG_WARN_BOOL_CONVERSION = YES;
				CLANG_WARN_COMMA = YES;
				CLANG_WARN_CONSTANT_CONVERSION = YES;
				CLANG_WARN_DEPRECATED_OBJC_IMPLEMENTATIONS = YES;
				CLANG_WARN_DIRECT_OBJC_ISA_USAGE = YES_ERROR;
				CLANG_WARN_DOCUMENTATION_COMMENTS = YES;
				CLANG_WARN_EMPTY_BODY = YES;
				CLANG_WARN_ENUM_CONVERSION = YES;
				CLANG_WARN_INFINITE_RECURSION = YES;
				CLANG_WARN_INT_CONVERSION = YES;
				CLANG_WARN_NON_LITERAL_NULL_CONVERSION = YES;
				CLANG_WARN_OBJC_IMPLICIT_RETAIN_SELF = YES;
				CLANG_WARN_OBJC_LITERAL_CONVERSION = YES;
				CLANG_WARN_OBJC_ROOT_CLASS = YES_ERROR;
				CLANG_WARN_QUOTED_INCLUDE_IN_FRAMEWORK_HEADER = YES;
				CLANG_WARN_RANGE_LOOP_ANALYSIS = YES;
				CLANG_WARN_STRICT_PROTOTYPES = YES;
				CLANG_WARN_SUSPICIOUS_MOVE = YES;
				CLANG_WARN_UNGUARDED_AVAILABILITY = YES_AGGRESSIVE;
				CLANG_WARN_UNREACHABLE_CODE = YES;
				CLANG_WARN__DUPLICATE_METHOD_MATCH = YES;
				COPY_PHASE_STRIP = NO;
				CURRENT_PROJECT_VERSION = 1;
				DEBUG_INFORMATION_FORMAT = dwarf;
				ENABLE_STRICT_OBJC_MSGSEND = YES;
				ENABLE_TESTABILITY = YES;
				ENABLE_USER_SCRIPT_SANDBOXING = YES;
				GCC_C_LANGUAGE_STANDARD = gnu17;
				GCC_DYNAMIC_NO_PIC = NO;
				GCC_NO_COMMON_BLOCKS = YES;
				GCC_OPTIMIZATION_LEVEL = 0;
				GCC_PREPROCESSOR_DEFINITIONS = (
					"DEBUG=1",
					"$(inherited)",
				);
				GCC_WARN_64_TO_32_BIT_CONVERSION = YES;
				GCC_WARN_ABOUT_RETURN_TYPE = YES_ERROR;
				GCC_WARN_UNDECLARED_SELECTOR = YES;
				GCC_WARN_UNINITIALIZED_AUTOS = YES_AGGRESSIVE;
				GCC_WARN_UNUSED_FUNCTION = YES;
				GCC_WARN_UNUSED_VARIABLE = YES;
				IPHONEOS_DEPLOYMENT_TARGET = 17.0;
				LOCALIZATION_PREFERS_STRING_CATALOGS = YES;
				MTL_ENABLE_DEBUG_INFO = INCLUDE_SOURCE;
				MTL_FAST_MATH = YES;
				ONLY_ACTIVE_ARCH = YES;
				SDKROOT = iphoneos;
				SWIFT_ACTIVE_COMPILATION_CONDITIONS = "DEBUG $(inherited)";
				SWIFT_OPTIMIZATION_LEVEL = "-Onone";
				VERSIONING_SYSTEM = "apple-generic";
				VERSION_INFO_PREFIX = "";
			};
			name = Debug;
		};
		642BD29B2B6F781800BC2541 /* Release */ = {
			isa = XCBuildConfiguration;
			buildSettings = {
				ALWAYS_SEARCH_USER_PATHS = NO;
				ASSETCATALOG_COMPILER_GENERATE_SWIFT_ASSET_SYMBOL_EXTENSIONS = YES;
				CLANG_ANALYZER_NONNULL = YES;
				CLANG_ANALYZER_NUMBER_OBJECT_CONVERSION = YES_AGGRESSIVE;
				CLANG_CXX_LANGUAGE_STANDARD = "gnu++20";
				CLANG_ENABLE_MODULES = YES;
				CLANG_ENABLE_OBJC_ARC = YES;
				CLANG_ENABLE_OBJC_WEAK = YES;
				CLANG_WARN_BLOCK_CAPTURE_AUTORELEASING = YES;
				CLANG_WARN_BOOL_CONVERSION = YES;
				CLANG_WARN_COMMA = YES;
				CLANG_WARN_CONSTANT_CONVERSION = YES;
				CLANG_WARN_DEPRECATED_OBJC_IMPLEMENTATIONS = YES;
				CLANG_WARN_DIRECT_OBJC_ISA_USAGE = YES_ERROR;
				CLANG_WARN_DOCUMENTATION_COMMENTS = YES;
				CLANG_WARN_EMPTY_BODY = YES;
				CLANG_WARN_ENUM_CONVERSION = YES;
				CLANG_WARN_INFINITE_RECURSION = YES;
				CLANG_WARN_INT_CONVERSION = YES;
				CLANG_WARN_NON_LITERAL_NULL_CONVERSION = YES;
				CLANG_WARN_OBJC_IMPLICIT_RETAIN_SELF = YES;
				CLANG_WARN_OBJC_LITERAL_CONVERSION = YES;
				CLANG_WARN_OBJC_ROOT_CLASS = YES_ERROR;
				CLANG_WARN_QUOTED_INCLUDE_IN_FRAMEWORK_HEADER = YES;
				CLANG_WARN_RANGE_LOOP_ANALYSIS = YES;
				CLANG_WARN_STRICT_PROTOTYPES = YES;
				CLANG_WARN_SUSPICIOUS_MOVE = YES;
				CLANG_WARN_UNGUARDED_AVAILABILITY = YES_AGGRESSIVE;
				CLANG_WARN_UNREACHABLE_CODE = YES;
				CLANG_WARN__DUPLICATE_METHOD_MATCH = YES;
				COPY_PHASE_STRIP = NO;
				CURRENT_PROJECT_VERSION = 1;
				DEBUG_INFORMATION_FORMAT = "dwarf-with-dsym";
				ENABLE_NS_ASSERTIONS = NO;
				ENABLE_STRICT_OBJC_MSGSEND = YES;
				ENABLE_USER_SCRIPT_SANDBOXING = YES;
				GCC_C_LANGUAGE_STANDARD = gnu17;
				GCC_NO_COMMON_BLOCKS = YES;
				GCC_WARN_64_TO_32_BIT_CONVERSION = YES;
				GCC_WARN_ABOUT_RETURN_TYPE = YES_ERROR;
				GCC_WARN_UNDECLARED_SELECTOR = YES;
				GCC_WARN_UNINITIALIZED_AUTOS = YES_AGGRESSIVE;
				GCC_WARN_UNUSED_FUNCTION = YES;
				GCC_WARN_UNUSED_VARIABLE = YES;
				IPHONEOS_DEPLOYMENT_TARGET = 17.0;
				LOCALIZATION_PREFERS_STRING_CATALOGS = YES;
				MTL_ENABLE_DEBUG_INFO = NO;
				MTL_FAST_MATH = YES;
				SDKROOT = iphoneos;
				SWIFT_COMPILATION_MODE = wholemodule;
				VALIDATE_PRODUCT = YES;
				VERSIONING_SYSTEM = "apple-generic";
				VERSION_INFO_PREFIX = "";
			};
			name = Release;
		};
		642BD29D2B6F781800BC2541 /* Debug */ = {
			isa = XCBuildConfiguration;
			buildSettings = {
				CODE_SIGN_STYLE = Automatic;
				CURRENT_PROJECT_VERSION = 1;
				DEFINES_MODULE = YES;
				DYLIB_COMPATIBILITY_VERSION = 1;
				DYLIB_CURRENT_VERSION = 1;
				DYLIB_INSTALL_NAME_BASE = "@rpath";
				ENABLE_MODULE_VERIFIER = YES;
				GENERATE_INFOPLIST_FILE = YES;
				INFOPLIST_KEY_NSHumanReadableCopyright = "";
				INSTALL_PATH = "$(LOCAL_LIBRARY_DIR)/Frameworks";
				LD_RUNPATH_SEARCH_PATHS = (
					"$(inherited)",
					"@executable_path/Frameworks",
					"@loader_path/Frameworks",
				);
				MARKETING_VERSION = 1.0;
				MODULE_VERIFIER_SUPPORTED_LANGUAGES = "objective-c objective-c++";
				MODULE_VERIFIER_SUPPORTED_LANGUAGE_STANDARDS = "gnu17 gnu++20";
				PRODUCT_BUNDLE_IDENTIFIER = ronak.ParkingCore;
				PRODUCT_NAME = "$(TARGET_NAME:c99extidentifier)";
				SKIP_INSTALL = YES;
				SWIFT_EMIT_LOC_STRINGS = YES;
				SWIFT_VERSION = 5.0;
				TARGETED_DEVICE_FAMILY = "1,2";
			};
			name = Debug;
		};
		642BD29E2B6F781800BC2541 /* Release */ = {
			isa = XCBuildConfiguration;
			buildSettings = {
				CODE_SIGN_STYLE = Automatic;
				CURRENT_PROJECT_VERSION = 1;
				DEFINES_MODULE = YES;
				DYLIB_COMPATIBILITY_VERSION = 1;
				DYLIB_CURRENT_VERSION = 1;
				DYLIB_INSTALL_NAME_BASE = "@rpath";
				ENABLE_MODULE_VERIFIER = YES;
				GENERATE_INFOPLIST_FILE = YES;
				INFOPLIST_KEY_NSHumanReadableCopyright = "";
				INSTALL_PATH = "$(LOCAL_LIBRARY_DIR)/Frameworks";
				LD_RUNPATH_SEARCH_PATHS = (
					"$(inherited)",
					"@executable_path/Frameworks",
					"@loader_path/Frameworks",
				);
				MARKETING_VERSION = 1.0;
				MODULE_VERIFIER_SUPPORTED_LANGUAGES = "objective-c objective-c++";
				MODULE_VERIFIER_SUPPORTED_LANGUAGE_STANDARDS = "gnu17 gnu++20";
				PRODUCT_BUNDLE_IDENTIFIER = ronak.ParkingCore;
				PRODUCT_NAME = "$(TARGET_NAME:c99extidentifier)";
				SKIP_INSTALL = YES;
				SWIFT_EMIT_LOC_STRINGS = YES;
				SWIFT_VERSION = 5.0;
				TARGETED_DEVICE_FAMILY = "1,2";
			};
			name = Release;
		};
		642BD2A02B6F781800BC2541 /* Debug */ = {
			isa = XCBuildConfiguration;
			buildSettings = {
				ALWAYS_EMBED_SWIFT_STANDARD_LIBRARIES = YES;
				CODE_SIGN_STYLE = Automatic;
				CURRENT_PROJECT_VERSION = 1;
				GENERATE_INFOPLIST_FILE = YES;
				MARKETING_VERSION = 1.0;
				PRODUCT_BUNDLE_IDENTIFIER = ronak.ParkingCoreTests;
				PRODUCT_NAME = "$(TARGET_NAME)";
				SWIFT_EMIT_LOC_STRINGS = NO;
				SWIFT_VERSION = 5.0;
				TARGETED_DEVICE_FAMILY = "1,2";
			};
			name = Debug;
		};
		642BD2A12B6F781800BC2541 /* Release */ = {
			isa = XCBuildConfiguration;
			buildSettings = {
				ALWAYS_EMBED_SWIFT_STANDARD_LIBRARIES = YES;
				CODE_SIGN_STYLE = Automatic;
				CURRENT_PROJECT_VERSION = 1;
				GENERATE_INFOPLIST_FILE = YES;
				MARKETING_VERSION = 1.0;
				PRODUCT_BUNDLE_IDENTIFIER = ronak.ParkingCoreTests;
				PRODUCT_NAME = "$(TARGET_NAME)";
				SWIFT_EMIT_LOC_STRINGS = NO;
				SWIFT_VERSION = 5.0;
				TARGETED_DEVICE_FAMILY = "1,2";
			};
			name = Release;
		};
/* End XCBuildConfiguration section */

/* Begin XCConfigurationList section */
		642BD2822B6F781800BC2541 /* Build configuration list for PBXProject "ParkingCore" */ = {
			isa = XCConfigurationList;
			buildConfigurations = (
				642BD29A2B6F781800BC2541 /* Debug */,
				642BD29B2B6F781800BC2541 /* Release */,
			);
			defaultConfigurationIsVisible = 0;
			defaultConfigurationName = Release;
		};
		642BD29C2B6F781800BC2541 /* Build configuration list for PBXNativeTarget "ParkingCore" */ = {
			isa = XCConfigurationList;
			buildConfigurations = (
				642BD29D2B6F781800BC2541 /* Debug */,
				642BD29E2B6F781800BC2541 /* Release */,
			);
			defaultConfigurationIsVisible = 0;
			defaultConfigurationName = Release;
		};
		642BD29F2B6F781800BC2541 /* Build configuration list for PBXNativeTarget "ParkingCoreTests" */ = {
			isa = XCConfigurationList;
			buildConfigurations = (
				642BD2A02B6F781800BC2541 /* Debug */,
				642BD2A12B6F781800BC2541 /* Release */,
			);
			defaultConfigurationIsVisible = 0;
			defaultConfigurationName = Release;
		};
/* End XCConfigurationList section */
	};
	rootObject = 642BD27F2B6F781800BC2541 /* Project object */;
}
